<?xml version="1.0" encoding="utf-8"?>
<Project ToolsVersion="4.0" xmlns="http://schemas.microsoft.com/developer/msbuild/2003">
  <ItemGroup>
    <Filter Include="ソース ファイル">
      <UniqueIdentifier>{4FC737F1-C7A5-4376-A066-2A32D752A2FF}</UniqueIdentifier>
      <Extensions>cpp;c;cc;cxx;def;odl;idl;hpj;bat;asm;asmx</Extensions>
    </Filter>
    <Filter Include="ヘッダー ファイル">
      <UniqueIdentifier>{93995380-89BD-4b04-88EB-625FBE52EBFB}</UniqueIdentifier>
      <Extensions>h;hh;hpp;hxx;hm;inl;inc;ipp;xsd</Extensions>
    </Filter>
    <Filter Include="リソース ファイル">
      <UniqueIdentifier>{67DA6AB6-F800-4c08-8B7A-83BB121AAD01}</UniqueIdentifier>
      <Extensions>rc;ico;cur;bmp;dlg;rc2;rct;bin;rgs;gif;jpg;jpeg;jpe;resx;tiff;tif;png;wav;mfcribbon-ms</Extensions>
    </Filter>
    <Filter Include="shader">
      <UniqueIdentifier>{9f6e7feb-8118-4f0d-83cc-ccd9aa816aab}</UniqueIdentifier>
    </Filter>
    <Filter Include="ソース ファイル\GameObject">
      <UniqueIdentifier>{ba574424-5d72-4fb6-83a8-b2a892cf8925}</UniqueIdentifier>
    </Filter>
    <Filter Include="ソース ファイル\Component">
      <UniqueIdentifier>{4ddeb3dd-45d3-479e-8a5e-e4fb5d4960a0}</UniqueIdentifier>
    </Filter>
    <Filter Include="ヘッダー ファイル\GameObject">
      <UniqueIdentifier>{71817c67-c12f-46cc-bb37-a70e8286f09e}</UniqueIdentifier>
    </Filter>
    <Filter Include="ヘッダー ファイル\Component">
      <UniqueIdentifier>{646e2c75-e6fe-4f68-bab0-02a0169925e2}</UniqueIdentifier>
    </Filter>
    <Filter Include="ヘッダー ファイル\Factory">
      <UniqueIdentifier>{66c10d7b-f743-4802-8cb2-c0290ebfe395}</UniqueIdentifier>
    </Filter>
    <Filter Include="ソース ファイル\Other">
      <UniqueIdentifier>{ec1248f1-8183-4f63-b136-79f435dd7653}</UniqueIdentifier>
    </Filter>
    <Filter Include="ヘッダー ファイル\Other">
      <UniqueIdentifier>{72b24603-abff-41ee-aeb3-8e73043452d3}</UniqueIdentifier>
    </Filter>
    <Filter Include="ImGui">
      <UniqueIdentifier>{d7c43cc3-d2f5-4177-99dc-1bb0d83794e9}</UniqueIdentifier>
    </Filter>
    <Filter Include="ソース ファイル\Scene">
      <UniqueIdentifier>{c2471485-b765-467a-9776-2e1e78c1f23a}</UniqueIdentifier>
    </Filter>
    <Filter Include="ヘッダー ファイル\Scene">
      <UniqueIdentifier>{3dd65dfd-2765-4d7d-925f-53bb557b36bc}</UniqueIdentifier>
    </Filter>
    <Filter Include="ソース ファイル\MyImGui">
      <UniqueIdentifier>{af4a5cb1-0eae-4ee0-9eb9-6771f641d05d}</UniqueIdentifier>
    </Filter>
    <Filter Include="ヘッダー ファイル\MyImGui">
      <UniqueIdentifier>{acd4bec9-cd9e-4920-9886-ece1180b2782}</UniqueIdentifier>
    </Filter>
    <Filter Include="ソース ファイル\EditorObject">
      <UniqueIdentifier>{1bd8d603-bf79-489e-9319-1ab06524fcdb}</UniqueIdentifier>
    </Filter>
    <Filter Include="ヘッダー ファイル\EditorObject">
      <UniqueIdentifier>{f4d0667f-5e11-4e9b-a319-6ffaefaf9858}</UniqueIdentifier>
    </Filter>
    <Filter Include="ソース ファイル\TreeNode">
      <UniqueIdentifier>{d7c31739-1321-44fd-948f-c3dde20f6265}</UniqueIdentifier>
    </Filter>
    <Filter Include="ソース ファイル\Manager">
      <UniqueIdentifier>{714f39ab-a0e4-4a47-8372-ca97256f9184}</UniqueIdentifier>
    </Filter>
    <Filter Include="ヘッダー ファイル\Manager">
      <UniqueIdentifier>{4baa58a1-183d-4280-8bed-253371c26173}</UniqueIdentifier>
    </Filter>
    <Filter Include="ヘッダー ファイル\TreeNode">
      <UniqueIdentifier>{b7e2d371-1fb8-43a4-b616-abe6e301fa95}</UniqueIdentifier>
    </Filter>
    <Filter Include="ヘッダー ファイル\Physics">
      <UniqueIdentifier>{9a1e4ba3-e61f-4de4-aafd-2bb83ade5652}</UniqueIdentifier>
    </Filter>
    <Filter Include="ソース ファイル\Physics">
      <UniqueIdentifier>{ffa72446-0496-4792-92ca-aefccfd2540d}</UniqueIdentifier>
    </Filter>
  </ItemGroup>
  <ItemGroup>
    <ClCompile Include="player.cpp">
      <Filter>ソース ファイル\GameObject</Filter>
    </ClCompile>
    <ClCompile Include="model.cpp">
      <Filter>ソース ファイル\Component</Filter>
    </ClCompile>
    <ClCompile Include="sprite.cpp">
      <Filter>ソース ファイル\Component</Filter>
    </ClCompile>
    <ClCompile Include="shader.cpp">
      <Filter>ソース ファイル\Component</Filter>
    </ClCompile>
    <ClCompile Include="transform.cpp">
      <Filter>ソース ファイル\Component</Filter>
    </ClCompile>
    <ClCompile Include="camera.cpp">
      <Filter>ソース ファイル\Component</Filter>
    </ClCompile>
    <ClCompile Include="cameraObject.cpp">
      <Filter>ソース ファイル\GameObject</Filter>
    </ClCompile>
    <ClCompile Include="input.cpp">
      <Filter>ソース ファイル\Other</Filter>
    </ClCompile>
    <ClCompile Include="renderer.cpp">
      <Filter>ソース ファイル\Other</Filter>
    </ClCompile>
    <ClCompile Include="boxCollision.cpp">
      <Filter>ソース ファイル\Component</Filter>
    </ClCompile>
    <ClCompile Include="quadCollision.cpp">
      <Filter>ソース ファイル\Component</Filter>
    </ClCompile>
    <ClCompile Include="sky.cpp">
      <Filter>ソース ファイル\GameObject</Filter>
    </ClCompile>
    <ClCompile Include="sphereCollision.cpp">
      <Filter>ソース ファイル\Component</Filter>
    </ClCompile>
    <ClCompile Include="ImGui\imgui.cpp">
      <Filter>ImGui</Filter>
    </ClCompile>
    <ClCompile Include="ImGui\imgui_draw.cpp">
      <Filter>ImGui</Filter>
    </ClCompile>
    <ClCompile Include="ImGui\imgui_impl_dx11.cpp">
      <Filter>ImGui</Filter>
    </ClCompile>
    <ClCompile Include="ImGui\imgui_tables.cpp">
      <Filter>ImGui</Filter>
    </ClCompile>
    <ClCompile Include="ImGui\imgui_widgets.cpp">
      <Filter>ImGui</Filter>
    </ClCompile>
    <ClCompile Include="ImGui\imgui_impl_win32.cpp">
      <Filter>ImGui</Filter>
    </ClCompile>
    <ClCompile Include="sceneGui.cpp">
      <Filter>ソース ファイル\MyImGui</Filter>
    </ClCompile>
    <ClCompile Include="inspectorGui.cpp">
      <Filter>ソース ファイル\MyImGui</Filter>
    </ClCompile>
    <ClCompile Include="gameGui.cpp">
      <Filter>ソース ファイル\MyImGui</Filter>
    </ClCompile>
    <ClCompile Include="engineDebugGui.cpp">
      <Filter>ソース ファイル\MyImGui</Filter>
    </ClCompile>
    <ClCompile Include="projectGui.cpp">
      <Filter>ソース ファイル\MyImGui</Filter>
    </ClCompile>
    <ClCompile Include="hierarchyGui.cpp">
      <Filter>ソース ファイル\MyImGui</Filter>
    </ClCompile>
    <ClCompile Include="consoleGui.cpp">
      <Filter>ソース ファイル\MyImGui</Filter>
    </ClCompile>
    <ClCompile Include="mainMenuBarGui.cpp">
      <Filter>ソース ファイル\MyImGui</Filter>
    </ClCompile>
    <ClCompile Include="box.cpp">
      <Filter>ソース ファイル\GameObject</Filter>
    </ClCompile>
    <ClCompile Include="ImGui\ImGuizmo.cpp">
      <Filter>ImGui</Filter>
    </ClCompile>
    <ClCompile Include="editor.cpp">
      <Filter>ソース ファイル\Scene</Filter>
    </ClCompile>
    <ClCompile Include="script.cpp">
      <Filter>ソース ファイル\Component</Filter>
    </ClCompile>
    <ClCompile Include="dispInspector.cpp">
      <Filter>ソース ファイル\MyImGui</Filter>
    </ClCompile>
    <ClCompile Include="scene.cpp">
      <Filter>ソース ファイル\Scene</Filter>
    </ClCompile>
    <ClCompile Include="polygonCollision.cpp">
      <Filter>ソース ファイル\Component</Filter>
    </ClCompile>
    <ClCompile Include="editorCameraObject.cpp">
      <Filter>ソース ファイル\EditorObject</Filter>
    </ClCompile>
    <ClCompile Include="editorCamera.cpp">
      <Filter>ソース ファイル\Component</Filter>
    </ClCompile>
    <ClCompile Include="boxCollisionFrame.cpp">
      <Filter>ソース ファイル\EditorObject</Filter>
    </ClCompile>
    <ClCompile Include="sphereCollisionFrame.cpp">
      <Filter>ソース ファイル\EditorObject</Filter>
    </ClCompile>
    <ClCompile Include="gameObject.cpp">
      <Filter>ソース ファイル\GameObject</Filter>
    </ClCompile>
    <ClCompile Include="fieldObject.cpp">
      <Filter>ソース ファイル\GameObject</Filter>
    </ClCompile>
    <ClCompile Include="meshField.cpp">
      <Filter>ソース ファイル\Component</Filter>
    </ClCompile>
    <ClCompile Include="objectTreeNode.cpp">
      <Filter>ソース ファイル\TreeNode</Filter>
    </ClCompile>
    <ClCompile Include="fileTreeNode.cpp">
      <Filter>ソース ファイル\TreeNode</Filter>
    </ClCompile>
    <ClCompile Include="manager.cpp">
      <Filter>ソース ファイル\Manager</Filter>
    </ClCompile>
    <ClCompile Include="luaManager.cpp">
      <Filter>ソース ファイル\Manager</Filter>
    </ClCompile>
    <ClCompile Include="collisionManager.cpp">
      <Filter>ソース ファイル\Manager</Filter>
    </ClCompile>
    <ClCompile Include="main.cpp">
      <Filter>ソース ファイル</Filter>
    </ClCompile>
    <ClCompile Include="fileDialog.cpp">
      <Filter>ソース ファイル\MyImGui</Filter>
    </ClCompile>
    <ClCompile Include="myImGuiManager.cpp">
      <Filter>ソース ファイル\Manager</Filter>
    </ClCompile>
    <ClCompile Include="rigidBody.cpp">
      <Filter>ソース ファイル\Component</Filter>
    </ClCompile>
    <ClCompile Include="collisionMesh.cpp">
      <Filter>ソース ファイル\Physics</Filter>
    </ClCompile>
    <ClCompile Include="physicsManager.cpp">
      <Filter>ソース ファイル\Manager</Filter>
    </ClCompile>
  </ItemGroup>
  <ItemGroup>
    <ClInclude Include="player.h">
      <Filter>ヘッダー ファイル\GameObject</Filter>
    </ClInclude>
    <ClInclude Include="model.h">
      <Filter>ヘッダー ファイル\Component</Filter>
    </ClInclude>
    <ClInclude Include="sprite.h">
      <Filter>ヘッダー ファイル\Component</Filter>
    </ClInclude>
    <ClInclude Include="shader.h">
      <Filter>ヘッダー ファイル\Component</Filter>
    </ClInclude>
    <ClInclude Include="component.h">
      <Filter>ヘッダー ファイル\Component</Filter>
    </ClInclude>
    <ClInclude Include="transform.h">
      <Filter>ヘッダー ファイル\Component</Filter>
    </ClInclude>
    <ClInclude Include="camera.h">
      <Filter>ヘッダー ファイル\Component</Filter>
    </ClInclude>
    <ClInclude Include="gameObject.h">
      <Filter>ヘッダー ファイル\GameObject</Filter>
    </ClInclude>
    <ClInclude Include="cameraObject.h">
      <Filter>ヘッダー ファイル\GameObject</Filter>
    </ClInclude>
    <ClInclude Include="input.h">
      <Filter>ヘッダー ファイル\Other</Filter>
    </ClInclude>
    <ClInclude Include="renderer.h">
      <Filter>ヘッダー ファイル\Other</Filter>
    </ClInclude>
    <ClInclude Include="boxCollision.h">
      <Filter>ヘッダー ファイル\Component</Filter>
    </ClInclude>
    <ClInclude Include="factory.h">
      <Filter>ヘッダー ファイル\Factory</Filter>
    </ClInclude>
    <ClInclude Include="quadCollision.h">
      <Filter>ヘッダー ファイル\Component</Filter>
    </ClInclude>
    <ClInclude Include="scene.h">
      <Filter>ヘッダー ファイル\Scene</Filter>
    </ClInclude>
    <ClInclude Include="sky.h">
      <Filter>ヘッダー ファイル\GameObject</Filter>
    </ClInclude>
    <ClInclude Include="sphereCollision.h">
      <Filter>ヘッダー ファイル\Component</Filter>
    </ClInclude>
    <ClInclude Include="ray.h">
      <Filter>ヘッダー ファイル\Other</Filter>
    </ClInclude>
    <ClInclude Include="ImGui\imconfig.h">
      <Filter>ImGui</Filter>
    </ClInclude>
    <ClInclude Include="ImGui\imgui.h">
      <Filter>ImGui</Filter>
    </ClInclude>
    <ClInclude Include="ImGui\imgui_impl_dx11.h">
      <Filter>ImGui</Filter>
    </ClInclude>
    <ClInclude Include="ImGui\imgui_internal.h">
      <Filter>ImGui</Filter>
    </ClInclude>
    <ClInclude Include="ImGui\imgui_impl_win32.h">
      <Filter>ImGui</Filter>
    </ClInclude>
    <ClInclude Include="ImGui\imstb_textedit.h">
      <Filter>ImGui</Filter>
    </ClInclude>
    <ClInclude Include="ImGui\imstb_rectpack.h">
      <Filter>ImGui</Filter>
    </ClInclude>
    <ClInclude Include="ImGui\imstb_truetype.h">
      <Filter>ImGui</Filter>
    </ClInclude>
    <ClInclude Include="myImGui.h">
      <Filter>ヘッダー ファイル\MyImGui</Filter>
    </ClInclude>
    <ClInclude Include="sceneGui.h">
      <Filter>ヘッダー ファイル\MyImGui</Filter>
    </ClInclude>
    <ClInclude Include="inspectorGui.h">
      <Filter>ヘッダー ファイル\MyImGui</Filter>
    </ClInclude>
    <ClInclude Include="gameGui.h">
      <Filter>ヘッダー ファイル\MyImGui</Filter>
    </ClInclude>
    <ClInclude Include="engineDebugGui.h">
      <Filter>ヘッダー ファイル\MyImGui</Filter>
    </ClInclude>
    <ClInclude Include="projectGui.h">
      <Filter>ヘッダー ファイル\MyImGui</Filter>
    </ClInclude>
    <ClInclude Include="hierarchyGui.h">
      <Filter>ヘッダー ファイル\MyImGui</Filter>
    </ClInclude>
    <ClInclude Include="consoleGui.h">
      <Filter>ヘッダー ファイル\MyImGui</Filter>
    </ClInclude>
    <ClInclude Include="mainMenuBarGui.h">
      <Filter>ヘッダー ファイル\MyImGui</Filter>
    </ClInclude>
    <ClInclude Include="box.h">
      <Filter>ヘッダー ファイル\GameObject</Filter>
    </ClInclude>
    <ClInclude Include="ImGui\ImApp.h">
      <Filter>ImGui</Filter>
    </ClInclude>
    <ClInclude Include="ImGui\ImGuizmo.h">
      <Filter>ImGui</Filter>
    </ClInclude>
    <ClInclude Include="ImGui\stb_image.h">
      <Filter>ImGui</Filter>
    </ClInclude>
    <ClInclude Include="editor.h">
      <Filter>ヘッダー ファイル\Scene</Filter>
    </ClInclude>
    <ClInclude Include="editorCamera.h">
      <Filter>ヘッダー ファイル\Component</Filter>
    </ClInclude>
    <ClInclude Include="script.h">
      <Filter>ヘッダー ファイル\Component</Filter>
    </ClInclude>
    <ClInclude Include="dispInspector.h">
      <Filter>ヘッダー ファイル\MyImGui</Filter>
    </ClInclude>
    <ClInclude Include="serializableClass.h">
      <Filter>ヘッダー ファイル\Other</Filter>
    </ClInclude>
    <ClInclude Include="polygonCollision.h">
      <Filter>ヘッダー ファイル\Component</Filter>
    </ClInclude>
    <ClInclude Include="boxCollisionFrame.h">
      <Filter>ヘッダー ファイル\EditorObject</Filter>
    </ClInclude>
    <ClInclude Include="editorCameraObject.h">
      <Filter>ヘッダー ファイル\EditorObject</Filter>
    </ClInclude>
    <ClInclude Include="sphereCollisionFrame.h">
      <Filter>ヘッダー ファイル\EditorObject</Filter>
    </ClInclude>
    <ClInclude Include="fieldObject.h">
      <Filter>ヘッダー ファイル\GameObject</Filter>
    </ClInclude>
    <ClInclude Include="meshField.h">
      <Filter>ヘッダー ファイル\Component</Filter>
    </ClInclude>
    <ClInclude Include="main.h">
      <Filter>ヘッダー ファイル</Filter>
    </ClInclude>
    <ClInclude Include="collisionManager.h">
      <Filter>ヘッダー ファイル\Manager</Filter>
    </ClInclude>
    <ClInclude Include="luaManager.h">
      <Filter>ヘッダー ファイル\Manager</Filter>
    </ClInclude>
    <ClInclude Include="manager.h">
      <Filter>ヘッダー ファイル\Manager</Filter>
    </ClInclude>
    <ClInclude Include="myImGuiManager.h">
      <Filter>ヘッダー ファイル\Manager</Filter>
    </ClInclude>
    <ClInclude Include="fileTreeNode.h">
      <Filter>ヘッダー ファイル\TreeNode</Filter>
    </ClInclude>
    <ClInclude Include="objectTreeNode.h">
      <Filter>ヘッダー ファイル\TreeNode</Filter>
    </ClInclude>
    <ClInclude Include="fileDialog.h">
      <Filter>ヘッダー ファイル\MyImGui</Filter>
    </ClInclude>
    <ClInclude Include="rigidBody.h">
      <Filter>ヘッダー ファイル\Component</Filter>
    </ClInclude>
    <ClInclude Include="collisionPair.h">
      <Filter>ヘッダー ファイル\Physics</Filter>
    </ClInclude>
    <ClInclude Include="collisionContact.h">
      <Filter>ヘッダー ファイル\Physics</Filter>
    </ClInclude>
    <ClInclude Include="collisionConstraint.h">
      <Filter>ヘッダー ファイル\Physics</Filter>
    </ClInclude>
    <ClInclude Include="collisionMesh.h">
      <Filter>ヘッダー ファイル\Physics</Filter>
    </ClInclude>
    <ClInclude Include="physicsManager.h">
      <Filter>ヘッダー ファイル\Manager</Filter>
    </ClInclude>
  </ItemGroup>
  <ItemGroup>
    <None Include="ImGui\imgui.natstepfilter">
      <Filter>ImGui</Filter>
    </None>
  </ItemGroup>
  <ItemGroup>
    <Natvis Include="ImGui\imgui.natvis">
      <Filter>ImGui</Filter>
    </Natvis>
  </ItemGroup>
  <ItemGroup>
    <FxCompile Include="Assets\Shaders\common.hlsl">
      <Filter>shader</Filter>
    </FxCompile>
    <FxCompile Include="Assets\Shaders\unlitTexturePS.hlsl">
      <Filter>shader</Filter>
    </FxCompile>
    <FxCompile Include="Assets\Shaders\unlitTextureVS.hlsl">
      <Filter>shader</Filter>
    </FxCompile>
    <FxCompile Include="Assets\Shaders\vertexLightingPS.hlsl">
      <Filter>shader</Filter>
    </FxCompile>
    <FxCompile Include="Assets\Shaders\vertexLightingVS.hlsl">
      <Filter>shader</Filter>
    </FxCompile>
  </ItemGroup>
</Project>