
Microsoft Visual Studio Solution File, Format Version 12.00
# Visual Studio 15
VisualStudioVersion = 15.0.28307.1972
MinimumVisualStudioVersion = 10.0.40219.1
Project("{8BC9CEB8-8B4A-11D0-8D11-00A0C91BC942}") = "GM31_0418", "GM31_0418.vcxproj", "{8884ADBC-98AD-4BDD-B6FA-855096788110}"
EndProject
Global
	GlobalSection(SolutionConfigurationPlatforms) = preSolution
		Debug|x64 = Debug|x64
		Debug|x86 = Debug|x86
		Release|x64 = Release|x64
		Release|x86 = Release|x86
	EndGlobalSection
	GlobalSection(ProjectConfigurationPlatforms) = postSolution
		{8884ADBC-98AD-4BDD-B6FA-855096788110}.Debug|x64.ActiveCfg = Debug|x64
		{8884ADBC-98AD-4BDD-B6FA-855096788110}.Debug|x64.Build.0 = Debug|x64
		{8884ADBC-98AD-4BDD-B6FA-855096788110}.Debug|x86.ActiveCfg = Debug|Win32
		{8884ADBC-98AD-4BDD-B6FA-855096788110}.Debug|x86.Build.0 = Debug|Win32
		{8884ADBC-98AD-4BDD-B6FA-855096788110}.Release|x64.ActiveCfg = Release|x64
		{8884ADBC-98AD-4BDD-B6FA-855096788110}.Release|x64.Build.0 = Release|x64
		{8884ADBC-98AD-4BDD-B6FA-855096788110}.Release|x86.ActiveCfg = Release|Win32
		{8884ADBC-98AD-4BDD-B6FA-855096788110}.Release|x86.Build.0 = Release|Win32
	EndGlobalSection
	GlobalSection(SolutionProperties) = preSolution
		HideSolutionNode = FALSE
	EndGlobalSection
	GlobalSection(ExtensibilityGlobals) = postSolution
		SolutionGuid = {2C912AF4-156D-4652-8D6F-A602AC2FF4C0}
	EndGlobalSection
EndGlobal
